// !$*UTF8*$!
{
	archiveVersion = 1;
	classes = {
	};
	objectVersion = 56;
	objects = {

/* Begin PBXBuildFile section */
		A1821D822A3D76AF001E37CB /* KobeLineApp.swift in Sources */ = {isa = PBXBuildFile; fileRef = A1821D812A3D76AF001E37CB /* KobeLineApp.swift */; };
		A1821D842A3D76AF001E37CB /* ContentView.swift in Sources */ = {isa = PBXBuildFile; fileRef = A1821D832A3D76AF001E37CB /* ContentView.swift */; };
		A1821D862A3D76B0001E37CB /* Assets.xcassets in Resources */ = {isa = PBXBuildFile; fileRef = A1821D852A3D76B0001E37CB /* Assets.xcassets */; };
		A1821D892A3D76B0001E37CB /* Preview Assets.xcassets in Resources */ = {isa = PBXBuildFile; fileRef = A1821D882A3D76B0001E37CB /* Preview Assets.xcassets */; };
		A1821D932A3D76B0001E37CB /* KobeLineTests.swift in Sources */ = {isa = PBXBuildFile; fileRef = A1821D922A3D76B0001E37CB /* KobeLineTests.swift */; };
		A1821D9D2A3D76B0001E37CB /* KobeLineUITests.swift in Sources */ = {isa = PBXBuildFile; fileRef = A1821D9C2A3D76B0001E37CB /* KobeLineUITests.swift */; };
		A1821D9F2A3D76B0001E37CB /* KobeLineUITestsLaunchTests.swift in Sources */ = {isa = PBXBuildFile; fileRef = A1821D9E2A3D76B0001E37CB /* KobeLineUITestsLaunchTests.swift */; };
/* End PBXBuildFile section */

/* Begin PBXContainerItemProxy section */
		A1821D8F2A3D76B0001E37CB /* PBXContainerItemProxy */ = {
			isa = PBXContainerItemProxy;
			containerPortal = A1821D762A3D76AF001E37CB /* Project object */;
			proxyType = 1;
			remoteGlobalIDString = A1821D7D2A3D76AF001E37CB;
			remoteInfo = KobeLine;
		};
		A1821D992A3D76B0001E37CB /* PBXContainerItemProxy */ = {
			isa = PBXContainerItemProxy;
			containerPortal = A1821D762A3D76AF001E37CB /* Project object */;
			proxyType = 1;
			remoteGlobalIDString = A1821D7D2A3D76AF001E37CB;
			remoteInfo = KobeLine;
		};
/* End PBXContainerItemProxy section */

/* Begin PBXFileReference section */
		A1821D7E2A3D76AF001E37CB /* KobeLine.app */ = {isa = PBXFileReference; explicitFileType = wrapper.application; includeInIndex = 0; path = KobeLine.app; sourceTree = BUILT_PRODUCTS_DIR; };
		A1821D812A3D76AF001E37CB /* KobeLineApp.swift */ = {isa = PBXFileReference; lastKnownFileType = sourcecode.swift; path = KobeLineApp.swift; sourceTree = "<group>"; };
		A1821D832A3D76AF001E37CB /* ContentView.swift */ = {isa = PBXFileReference; lastKnownFileType = sourcecode.swift; path = ContentView.swift; sourceTree = "<group>"; };
		A1821D852A3D76B0001E37CB /* Assets.xcassets */ = {isa = PBXFileReference; lastKnownFileType = folder.assetcatalog; path = Assets.xcassets; sourceTree = "<group>"; };
		A1821D882A3D76B0001E37CB /* Preview Assets.xcassets */ = {isa = PBXFileReference; lastKnownFileType = folder.assetcatalog; path = "Preview Assets.xcassets"; sourceTree = "<group>"; };
		A1821D8E2A3D76B0001E37CB /* KobeLineTests.xctest */ = {isa = PBXFileReference; explicitFileType = wrapper.cfbundle; includeInIndex = 0; path = KobeLineTests.xctest; sourceTree = BUILT_PRODUCTS_DIR; };
		A1821D922A3D76B0001E37CB /* KobeLineTests.swift */ = {isa = PBXFileReference; lastKnownFileType = sourcecode.swift; path = KobeLineTests.swift; sourceTree = "<group>"; };
		A1821D982A3D76B0001E37CB /* KobeLineUITests.xctest */ = {isa = PBXFileReference; explicitFileType = wrapper.cfbundle; includeInIndex = 0; path = KobeLineUITests.xctest; sourceTree = BUILT_PRODUCTS_DIR; };
		A1821D9C2A3D76B0001E37CB /* KobeLineUITests.swift */ = {isa = PBXFileReference; lastKnownFileType = sourcecode.swift; path = KobeLineUITests.swift; sourceTree = "<group>"; };
		A1821D9E2A3D76B0001E37CB /* KobeLineUITestsLaunchTests.swift */ = {isa = PBXFileReference; lastKnownFileType = sourcecode.swift; path = KobeLineUITestsLaunchTests.swift; sourceTree = "<group>"; };
/* End PBXFileReference section */

/* Begin PBXFrameworksBuildPhase section */
		A1821D7B2A3D76AF001E37CB /* Frameworks */ = {
			isa = PBXFrameworksBuildPhase;
			buildActionMask = 2147483647;
			files = (
			);
			runOnlyForDeploymentPostprocessing = 0;
		};
		A1821D8B2A3D76B0001E37CB /* Frameworks */ = {
			isa = PBXFrameworksBuildPhase;
			buildActionMask = 2147483647;
			files = (
			);
			runOnlyForDeploymentPostprocessing = 0;
		};
		A1821D952A3D76B0001E37CB /* Frameworks */ = {
			isa = PBXFrameworksBuildPhase;
			buildActionMask = 2147483647;
			files = (
			);
			runOnlyForDeploymentPostprocessing = 0;
		};
/* End PBXFrameworksBuildPhase section */

/* Begin PBXGroup section */
		A1821D752A3D76AF001E37CB = {
			isa = PBXGroup;
			children = (
				A1821D802A3D76AF001E37CB /* KobeLine */,
				A1821D912A3D76B0001E37CB /* KobeLineTests */,
				A1821D9B2A3D76B0001E37CB /* KobeLineUITests */,
				A1821D7F2A3D76AF001E37CB /* Products */,
			);
			sourceTree = "<group>";
		};
		A1821D7F2A3D76AF001E37CB /* Products */ = {
			isa = PBXGroup;
			children = (
				A1821D7E2A3D76AF001E37CB /* KobeLine.app */,
				A1821D8E2A3D76B0001E37CB /* KobeLineTests.xctest */,
				A1821D982A3D76B0001E37CB /* KobeLineUITests.xctest */,
			);
			name = Products;
			sourceTree = "<group>";
		};
		A1821D802A3D76AF001E37CB /* KobeLine */ = {
			isa = PBXGroup;
			children = (
				A1821D812A3D76AF001E37CB /* KobeLineApp.swift */,
				A1821D832A3D76AF001E37CB /* ContentView.swift */,
				A1821D852A3D76B0001E37CB /* Assets.xcassets */,
				A1821D872A3D76B0001E37CB /* Preview Content */,
			);
			path = KobeLine;
			sourceTree = "<group>";
		};
		A1821D872A3D76B0001E37CB /* Preview Content */ = {
			isa = PBXGroup;
			children = (
				A1821D882A3D76B0001E37CB /* Preview Assets.xcassets */,
			);
			path = "Preview Content";
			sourceTree = "<group>";
		};
		A1821D912A3D76B0001E37CB /* KobeLineTests */ = {
			isa = PBXGroup;
			children = (
				A1821D922A3D76B0001E37CB /* KobeLineTests.swift */,
			);
			path = KobeLineTests;
			sourceTree = "<group>";
		};
		A1821D9B2A3D76B0001E37CB /* KobeLineUITests */ = {
			isa = PBXGroup;
			children = (
				A1821D9C2A3D76B0001E37CB /* KobeLineUITests.swift */,
				A1821D9E2A3D76B0001E37CB /* KobeLineUITestsLaunchTests.swift */,
			);
			path = KobeLineUITests;
			sourceTree = "<group>";
		};
/* End PBXGroup section */

/* Begin PBXNativeTarget section */
		A1821D7D2A3D76AF001E37CB /* KobeLine */ = {
			isa = PBXNativeTarget;
			buildConfigurationList = A1821DA22A3D76B0001E37CB /* Build configuration list for PBXNativeTarget "KobeLine" */;
			buildPhases = (
				A1821D7A2A3D76AF001E37CB /* Sources */,
				A1821D7B2A3D76AF001E37CB /* Frameworks */,
				A1821D7C2A3D76AF001E37CB /* Resources */,
			);
			buildRules = (
			);
			dependencies = (
			);
			name = KobeLine;
			productName = KobeLine;
			productReference = A1821D7E2A3D76AF001E37CB /* KobeLine.app */;
			productType = "com.apple.product-type.application";
		};
		A1821D8D2A3D76B0001E37CB /* KobeLineTests */ = {
			isa = PBXNativeTarget;
			buildConfigurationList = A1821DA52A3D76B0001E37CB /* Build configuration list for PBXNativeTarget "KobeLineTests" */;
			buildPhases = (
				A1821D8A2A3D76B0001E37CB /* Sources */,
				A1821D8B2A3D76B0001E37CB /* Frameworks */,
				A1821D8C2A3D76B0001E37CB /* Resources */,
			);
			buildRules = (
			);
			dependencies = (
				A1821D902A3D76B0001E37CB /* PBXTargetDependency */,
			);
			name = KobeLineTests;
			productName = KobeLineTests;
			productReference = A1821D8E2A3D76B0001E37CB /* KobeLineTests.xctest */;
			productType = "com.apple.product-type.bundle.unit-test";
		};
		A1821D972A3D76B0001E37CB /* KobeLineUITests */ = {
			isa = PBXNativeTarget;
			buildConfigurationList = A1821DA82A3D76B0001E37CB /* Build configuration list for PBXNativeTarget "KobeLineUITests" */;
			buildPhases = (
				A1821D942A3D76B0001E37CB /* Sources */,
				A1821D952A3D76B0001E37CB /* Frameworks */,
				A1821D962A3D76B0001E37CB /* Resources */,
			);
			buildRules = (
			);
			dependencies = (
				A1821D9A2A3D76B0001E37CB /* PBXTargetDependency */,
			);
			name = KobeLineUITests;
			productName = KobeLineUITests;
			productReference = A1821D982A3D76B0001E37CB /* KobeLineUITests.xctest */;
			productType = "com.apple.product-type.bundle.ui-testing";
		};
/* End PBXNativeTarget section */

/* Begin PBXProject section */
		A1821D762A3D76AF001E37CB /* Project object */ = {
			isa = PBXProject;
			attributes = {
				BuildIndependentTargetsInParallel = 1;
				LastSwiftUpdateCheck = 1430;
				LastUpgradeCheck = 1430;
				TargetAttributes = {
					A1821D7D2A3D76AF001E37CB = {
						CreatedOnToolsVersion = 14.3.1;
					};
					A1821D8D2A3D76B0001E37CB = {
						CreatedOnToolsVersion = 14.3.1;
						TestTargetID = A1821D7D2A3D76AF001E37CB;
					};
					A1821D972A3D76B0001E37CB = {
						CreatedOnToolsVersion = 14.3.1;
						TestTargetID = A1821D7D2A3D76AF001E37CB;
					};
				};
			};
			buildConfigurationList = A1821D792A3D76AF001E37CB /* Build configuration list for PBXProject "KobeLine" */;
			compatibilityVersion = "Xcode 14.0";
			developmentRegion = en;
			hasScannedForEncodings = 0;
			knownRegions = (
				en,
				Base,
			);
			mainGroup = A1821D752A3D76AF001E37CB;
			productRefGroup = A1821D7F2A3D76AF001E37CB /* Products */;
			projectDirPath = "";
			projectRoot = "";
			targets = (
				A1821D7D2A3D76AF001E37CB /* KobeLine */,
				A1821D8D2A3D76B0001E37CB /* KobeLineTests */,
				A1821D972A3D76B0001E37CB /* KobeLineUITests */,
			);
		};
/* End PBXProject section */

/* Begin PBXResourcesBuildPhase section */
		A1821D7C2A3D76AF001E37CB /* Resources */ = {
			isa = PBXResourcesBuildPhase;
			buildActionMask = 2147483647;
			files = (
				A1821D892A3D76B0001E37CB /* Preview Assets.xcassets in Resources */,
				A1821D862A3D76B0001E37CB /* Assets.xcassets in Resources */,
			);
			runOnlyForDeploymentPostprocessing = 0;
		};
		A1821D8C2A3D76B0001E37CB /* Resources */ = {
			isa = PBXResourcesBuildPhase;
			buildActionMask = 2147483647;
			files = (
			);
			runOnlyForDeploymentPostprocessing = 0;
		};
		A1821D962A3D76B0001E37CB /* Resources */ = {
			isa = PBXResourcesBuildPhase;
			buildActionMask = 2147483647;
			files = (
			);
			runOnlyForDeploymentPostprocessing = 0;
		};
/* End PBXResourcesBuildPhase section */

/* Begin PBXSourcesBuildPhase section */
		A1821D7A2A3D76AF001E37CB /* Sources */ = {
			isa = PBXSourcesBuildPhase;
			buildActionMask = 2147483647;
			files = (
				A1821D842A3D76AF001E37CB /* ContentView.swift in Sources */,
				A1821D822A3D76AF001E37CB /* KobeLineApp.swift in Sources */,
			);
			runOnlyForDeploymentPostprocessing = 0;
		};
		A1821D8A2A3D76B0001E37CB /* Sources */ = {
			isa = PBXSourcesBuildPhase;
			buildActionMask = 2147483647;
			files = (
				A1821D932A3D76B0001E37CB /* KobeLineTests.swift in Sources */,
			);
			runOnlyForDeploymentPostprocessing = 0;
		};
		A1821D942A3D76B0001E37CB /* Sources */ = {
			isa = PBXSourcesBuildPhase;
			buildActionMask = 2147483647;
			files = (
				A1821D9F2A3D76B0001E37CB /* KobeLineUITestsLaunchTests.swift in Sources */,
				A1821D9D2A3D76B0001E37CB /* KobeLineUITests.swift in Sources */,
			);
			runOnlyForDeploymentPostprocessing = 0;
		};
/* End PBXSourcesBuildPhase section */

/* Begin PBXTargetDependency section */
		A1821D902A3D76B0001E37CB /* PBXTargetDependency */ = {
			isa = PBXTargetDependency;
			target = A1821D7D2A3D76AF001E37CB /* KobeLine */;
			targetProxy = A1821D8F2A3D76B0001E37CB /* PBXContainerItemProxy */;
		};
		A1821D9A2A3D76B0001E37CB /* PBXTargetDependency */ = {
			isa = PBXTargetDependency;
			target = A1821D7D2A3D76AF001E37CB /* KobeLine */;
			targetProxy = A1821D992A3D76B0001E37CB /* PBXContainerItemProxy */;
		};
/* End PBXTargetDependency section */

/* Begin XCBuildConfiguration section */
		A1821DA02A3D76B0001E37CB /* Debug */ = {
			isa = XCBuildConfiguration;
			buildSettings = {
				ALWAYS_SEARCH_USER_PATHS = NO;
				CLANG_ANALYZER_NONNULL = YES;
				CLANG_ANALYZER_NUMBER_OBJECT_CONVERSION = YES_AGGRESSIVE;
				CLANG_CXX_LANGUAGE_STANDARD = "gnu++20";
				CLANG_ENABLE_MODULES = YES;
				CLANG_ENABLE_OBJC_ARC = YES;
				CLANG_ENABLE_OBJC_WEAK = YES;
				CLANG_WARN_BLOCK_CAPTURE_AUTORELEASING = YES;
				CLANG_WARN_BOOL_CONVERSION = YES;
				CLANG_WARN_COMMA = YES;
				CLANG_WARN_CONSTANT_CONVERSION = YES;
				CLANG_WARN_DEPRECATED_OBJC_IMPLEMENTATIONS = YES;
				CLANG_WARN_DIRECT_OBJC_ISA_USAGE = YES_ERROR;
				CLANG_WARN_DOCUMENTATION_COMMENTS = YES;
				CLANG_WARN_EMPTY_BODY = YES;
				CLANG_WARN_ENUM_CONVERSION = YES;
				CLANG_WARN_INFINITE_RECURSION = YES;
				CLANG_WARN_INT_CONVERSION = YES;
				CLANG_WARN_NON_LITERAL_NULL_CONVERSION = YES;
				CLANG_WARN_OBJC_IMPLICIT_RETAIN_SELF = YES;
				CLANG_WARN_OBJC_LITERAL_CONVERSION = YES;
				CLANG_WARN_OBJC_ROOT_CLASS = YES_ERROR;
				CLANG_WARN_QUOTED_INCLUDE_IN_FRAMEWORK_HEADER = YES;
				CLANG_WARN_RANGE_LOOP_ANALYSIS = YES;
				CLANG_WARN_STRICT_PROTOTYPES = YES;
				CLANG_WARN_SUSPICIOUS_MOVE = YES;
				CLANG_WARN_UNGUARDED_AVAILABILITY = YES_AGGRESSIVE;
				CLANG_WARN_UNREACHABLE_CODE = YES;
				CLANG_WARN__DUPLICATE_METHOD_MATCH = YES;
				COPY_PHASE_STRIP = NO;
				DEBUG_INFORMATION_FORMAT = dwarf;
				ENABLE_STRICT_OBJC_MSGSEND = YES;
				ENABLE_TESTABILITY = YES;
				GCC_C_LANGUAGE_STANDARD = gnu11;
				GCC_DYNAMIC_NO_PIC = NO;
				GCC_NO_COMMON_BLOCKS = YES;
				GCC_OPTIMIZATION_LEVEL = 0;
				GCC_PREPROCESSOR_DEFINITIONS = (
					"DEBUG=1",
					"$(inherited)",
				);
				GCC_WARN_64_TO_32_BIT_CONVERSION = YES;
				GCC_WARN_ABOUT_RETURN_TYPE = YES_ERROR;
				GCC_WARN_UNDECLARED_SELECTOR = YES;
				GCC_WARN_UNINITIALIZED_AUTOS = YES_AGGRESSIVE;
				GCC_WARN_UNUSED_FUNCTION = YES;
				GCC_WARN_UNUSED_VARIABLE = YES;
				IPHONEOS_DEPLOYMENT_TARGET = 16.4;
				MTL_ENABLE_DEBUG_INFO = INCLUDE_SOURCE;
				MTL_FAST_MATH = YES;
				ONLY_ACTIVE_ARCH = YES;
				SDKROOT = iphoneos;
				SWIFT_ACTIVE_COMPILATION_CONDITIONS = DEBUG;
				SWIFT_OPTIMIZATION_LEVEL = "-Onone";
			};
			name = Debug;
		};
		A1821DA12A3D76B0001E37CB /* Release */ = {
			isa = XCBuildConfiguration;
			buildSettings = {
				ALWAYS_SEARCH_USER_PATHS = NO;
				CLANG_ANALYZER_NONNULL = YES;
				CLANG_ANALYZER_NUMBER_OBJECT_CONVERSION = YES_AGGRESSIVE;
				CLANG_CXX_LANGUAGE_STANDARD = "gnu++20";
				CLANG_ENABLE_MODULES = YES;
				CLANG_ENABLE_OBJC_ARC = YES;
				CLANG_ENABLE_OBJC_WEAK = YES;
				CLANG_WARN_BLOCK_CAPTURE_AUTORELEASING = YES;
				CLANG_WARN_BOOL_CONVERSION = YES;
				CLANG_WARN_COMMA = YES;
				CLANG_WARN_CONSTANT_CONVERSION = YES;
				CLANG_WARN_DEPRECATED_OBJC_IMPLEMENTATIONS = YES;
				CLANG_WARN_DIRECT_OBJC_ISA_USAGE = YES_ERROR;
				CLANG_WARN_DOCUMENTATION_COMMENTS = YES;
				CLANG_WARN_EMPTY_BODY = YES;
				CLANG_WARN_ENUM_CONVERSION = YES;
				CLANG_WARN_INFINITE_RECURSION = YES;
				CLANG_WARN_INT_CONVERSION = YES;
				CLANG_WARN_NON_LITERAL_NULL_CONVERSION = YES;
				CLANG_WARN_OBJC_IMPLICIT_RETAIN_SELF = YES;
				CLANG_WARN_OBJC_LITERAL_CONVERSION = YES;
				CLANG_WARN_OBJC_ROOT_CLASS = YES_ERROR;
				CLANG_WARN_QUOTED_INCLUDE_IN_FRAMEWORK_HEADER = YES;
				CLANG_WARN_RANGE_LOOP_ANALYSIS = YES;
				CLANG_WARN_STRICT_PROTOTYPES = YES;
				CLANG_WARN_SUSPICIOUS_MOVE = YES;
				CLANG_WARN_UNGUARDED_AVAILABILITY = YES_AGGRESSIVE;
				CLANG_WARN_UNREACHABLE_CODE = YES;
				CLANG_WARN__DUPLICATE_METHOD_MATCH = YES;
				COPY_PHASE_STRIP = NO;
				DEBUG_INFORMATION_FORMAT = "dwarf-with-dsym";
				ENABLE_NS_ASSERTIONS = NO;
				ENABLE_STRICT_OBJC_MSGSEND = YES;
				GCC_C_LANGUAGE_STANDARD = gnu11;
				GCC_NO_COMMON_BLOCKS = YES;
				GCC_WARN_64_TO_32_BIT_CONVERSION = YES;
				GCC_WARN_ABOUT_RETURN_TYPE = YES_ERROR;
				GCC_WARN_UNDECLARED_SELECTOR = YES;
				GCC_WARN_UNINITIALIZED_AUTOS = YES_AGGRESSIVE;
				GCC_WARN_UNUSED_FUNCTION = YES;
				GCC_WARN_UNUSED_VARIABLE = YES;
				IPHONEOS_DEPLOYMENT_TARGET = 16.4;
				MTL_ENABLE_DEBUG_INFO = NO;
				MTL_FAST_MATH = YES;
				SDKROOT = iphoneos;
				SWIFT_COMPILATION_MODE = wholemodule;
				SWIFT_OPTIMIZATION_LEVEL = "-O";
				VALIDATE_PRODUCT = YES;
			};
			name = Release;
		};
		A1821DA32A3D76B0001E37CB /* Debug */ = {
			isa = XCBuildConfiguration;
			buildSettings = {
				ASSETCATALOG_COMPILER_APPICON_NAME = AppIcon;
				ASSETCATALOG_COMPILER_GLOBAL_ACCENT_COLOR_NAME = AccentColor;
				CODE_SIGN_STYLE = Automatic;
				CURRENT_PROJECT_VERSION = 1;
				DEVELOPMENT_ASSET_PATHS = "\"KobeLine/Preview Content\"";
				DEVELOPMENT_TEAM = YUH8WT596Y;
				ENABLE_PREVIEWS = YES;
				GENERATE_INFOPLIST_FILE = YES;
				INFOPLIST_KEY_UIApplicationSceneManifest_Generation = YES;
				INFOPLIST_KEY_UIApplicationSupportsIndirectInputEvents = YES;
				INFOPLIST_KEY_UILaunchScreen_Generation = YES;
				INFOPLIST_KEY_UISupportedInterfaceOrientations_iPad = "UIInterfaceOrientationPortrait UIInterfaceOrientationPortraitUpsideDown UIInterfaceOrientationLandscapeLeft UIInterfaceOrientationLandscapeRight";
				INFOPLIST_KEY_UISupportedInterfaceOrientations_iPhone = "UIInterfaceOrientationPortrait UIInterfaceOrientationLandscapeLeft UIInterfaceOrientationLandscapeRight";
				LD_RUNPATH_SEARCH_PATHS = (
					"$(inherited)",
					"@executable_path/Frameworks",
				);
				MARKETING_VERSION = 1.0;
				PRODUCT_BUNDLE_IDENTIFIER = sample.KobeLine;
				PRODUCT_NAME = "$(TARGET_NAME)";
				SWIFT_EMIT_LOC_STRINGS = YES;
				SWIFT_VERSION = 5.0;
				TARGETED_DEVICE_FAMILY = "1,2";
			};
			name = Debug;
		};
		A1821DA42A3D76B0001E37CB /* Release */ = {
			isa = XCBuildConfiguration;
			buildSettings = {
				ASSETCATALOG_COMPILER_APPICON_NAME = AppIcon;
				ASSETCATALOG_COMPILER_GLOBAL_ACCENT_COLOR_NAME = AccentColor;
				CODE_SIGN_STYLE = Automatic;
				CURRENT_PROJECT_VERSION = 1;
				DEVELOPMENT_ASSET_PATHS = "\"KobeLine/Preview Content\"";
				DEVELOPMENT_TEAM = YUH8WT596Y;
				ENABLE_PREVIEWS = YES;
				GENERATE_INFOPLIST_FILE = YES;
				INFOPLIST_KEY_UIApplicationSceneManifest_Generation = YES;
				INFOPLIST_KEY_UIApplicationSupportsIndirectInputEvents = YES;
				INFOPLIST_KEY_UILaunchScreen_Generation = YES;
				INFOPLIST_KEY_UISupportedInterfaceOrientations_iPad = "UIInterfaceOrientationPortrait UIInterfaceOrientationPortraitUpsideDown UIInterfaceOrientationLandscapeLeft UIInterfaceOrientationLandscapeRight";
				INFOPLIST_KEY_UISupportedInterfaceOrientations_iPhone = "UIInterfaceOrientationPortrait UIInterfaceOrientationLandscapeLeft UIInterfaceOrientationLandscapeRight";
				LD_RUNPATH_SEARCH_PATHS = (
					"$(inherited)",
					"@executable_path/Frameworks",
				);
				MARKETING_VERSION = 1.0;
				PRODUCT_BUNDLE_IDENTIFIER = sample.KobeLine;
				PRODUCT_NAME = "$(TARGET_NAME)";
				SWIFT_EMIT_LOC_STRINGS = YES;
				SWIFT_VERSION = 5.0;
				TARGETED_DEVICE_FAMILY = "1,2";
			};
			name = Release;
		};
		A1821DA62A3D76B0001E37CB /* Debug */ = {
			isa = XCBuildConfiguration;
			buildSettings = {
				ALWAYS_EMBED_SWIFT_STANDARD_LIBRARIES = YES;
				BUNDLE_LOADER = "$(TEST_HOST)";
				CODE_SIGN_STYLE = Automatic;
				CURRENT_PROJECT_VERSION = 1;
				DEVELOPMENT_TEAM = YUH8WT596Y;
				GENERATE_INFOPLIST_FILE = YES;
				IPHONEOS_DEPLOYMENT_TARGET = 16.4;
				MARKETING_VERSION = 1.0;
				PRODUCT_BUNDLE_IDENTIFIER = sample.KobeLineTests;
				PRODUCT_NAME = "$(TARGET_NAME)";
				SWIFT_EMIT_LOC_STRINGS = NO;
				SWIFT_VERSION = 5.0;
				TARGETED_DEVICE_FAMILY = "1,2";
				TEST_HOST = "$(BUILT_PRODUCTS_DIR)/KobeLine.app/$(BUNDLE_EXECUTABLE_FOLDER_PATH)/KobeLine";
			};
			name = Debug;
		};
		A1821DA72A3D76B0001E37CB /* Release */ = {
			isa = XCBuildConfiguration;
			buildSettings = {
				ALWAYS_EMBED_SWIFT_STANDARD_LIBRARIES = YES;
				BUNDLE_LOADER = "$(TEST_HOST)";
				CODE_SIGN_STYLE = Automatic;
				CURRENT_PROJECT_VERSION = 1;
				DEVELOPMENT_TEAM = YUH8WT596Y;
				GENERATE_INFOPLIST_FILE = YES;
				IPHONEOS_DEPLOYMENT_TARGET = 16.4;
				MARKETING_VERSION = 1.0;
				PRODUCT_BUNDLE_IDENTIFIER = sample.KobeLineTests;
				PRODUCT_NAME = "$(TARGET_NAME)";
				SWIFT_EMIT_LOC_STRINGS = NO;
				SWIFT_VERSION = 5.0;
				TARGETED_DEVICE_FAMILY = "1,2";
				TEST_HOST = "$(BUILT_PRODUCTS_DIR)/KobeLine.app/$(BUNDLE_EXECUTABLE_FOLDER_PATH)/KobeLine";
			};
			name = Release;
		};
		A1821DA92A3D76B0001E37CB /* Debug */ = {
			isa = XCBuildConfiguration;
			buildSettings = {
				ALWAYS_EMBED_SWIFT_STANDARD_LIBRARIES = YES;
				CODE_SIGN_STYLE = Automatic;
				CURRENT_PROJECT_VERSION = 1;
				DEVELOPMENT_TEAM = YUH8WT596Y;
				GENERATE_INFOPLIST_FILE = YES;
				MARKETING_VERSION = 1.0;
				PRODUCT_BUNDLE_IDENTIFIER = sample.KobeLineUITests;
				PRODUCT_NAME = "$(TARGET_NAME)";
				SWIFT_EMIT_LOC_STRINGS = NO;
				SWIFT_VERSION = 5.0;
				TARGETED_DEVICE_FAMILY = "1,2";
				TEST_TARGET_NAME = KobeLine;
			};
			name = Debug;
		};
		A1821DAA2A3D76B0001E37CB /* Release */ = {
			isa = XCBuildConfiguration;
			buildSettings = {
				ALWAYS_EMBED_SWIFT_STANDARD_LIBRARIES = YES;
				CODE_SIGN_STYLE = Automatic;
				CURRENT_PROJECT_VERSION = 1;
				DEVELOPMENT_TEAM = YUH8WT596Y;
				GENERATE_INFOPLIST_FILE = YES;
				MARKETING_VERSION = 1.0;
				PRODUCT_BUNDLE_IDENTIFIER = sample.KobeLineUITests;
				PRODUCT_NAME = "$(TARGET_NAME)";
				SWIFT_EMIT_LOC_STRINGS = NO;
				SWIFT_VERSION = 5.0;
				TARGETED_DEVICE_FAMILY = "1,2";
				TEST_TARGET_NAME = KobeLine;
			};
			name = Release;
		};
/* End XCBuildConfiguration section */

/* Begin XCConfigurationList section */
		A1821D792A3D76AF001E37CB /* Build configuration list for PBXProject "KobeLine" */ = {
			isa = XCConfigurationList;
			buildConfigurations = (
				A1821DA02A3D76B0001E37CB /* Debug */,
				A1821DA12A3D76B0001E37CB /* Release */,
			);
			defaultConfigurationIsVisible = 0;
			defaultConfigurationName = Release;
		};
		A1821DA22A3D76B0001E37CB /* Build configuration list for PBXNativeTarget "KobeLine" */ = {
			isa = XCConfigurationList;
			buildConfigurations = (
				A1821DA32A3D76B0001E37CB /* Debug */,
				A1821DA42A3D76B0001E37CB /* Release */,
			);
			defaultConfigurationIsVisible = 0;
			defaultConfigurationName = Release;
		};
		A1821DA52A3D76B0001E37CB /* Build configuration list for PBXNativeTarget "KobeLineTests" */ = {
			isa = XCConfigurationList;
			buildConfigurations = (
				A1821DA62A3D76B0001E37CB /* Debug */,
				A1821DA72A3D76B0001E37CB /* Release */,
			);
			defaultConfigurationIsVisible = 0;
			defaultConfigurationName = Release;
		};
		A1821DA82A3D76B0001E37CB /* Build configuration list for PBXNativeTarget "KobeLineUITests" */ = {
			isa = XCConfigurationList;
			buildConfigurations = (
				A1821DA92A3D76B0001E37CB /* Debug */,
				A1821DAA2A3D76B0001E37CB /* Release */,
			);
			defaultConfigurationIsVisible = 0;
			defaultConfigurationName = Release;
		};
/* End XCConfigurationList section */
	};
	rootObject = A1821D762A3D76AF001E37CB /* Project object */;
}
